
Microsoft Visual Studio Solution File, Format Version 12.00
# Visual Studio Version 17
VisualStudioVersion = 17.11.35327.3
MinimumVisualStudioVersion = 10.0.40219.1
Project("{FAE04EC0-301F-11D3-BF4B-00C04F79EFBC}") = "Tetris", "Tetris\Tetris.csproj", "{C9DF8160-9A7A-4762-8C6F-F0FF951CD63D}"
EndProject
Global
	GlobalSection(SolutionConfigurationPlatforms) = preSolution
		Debug|Any CPU = Debug|Any CPU
		Release|Any CPU = Release|Any CPU
	EndGlobalSection
	GlobalSection(ProjectConfigurationPlatforms) = postSolution
		{C9DF8160-9A7A-4762-8C6F-F0FF951CD63D}.Debug|Any CPU.ActiveCfg = Debug|Any CPU
		{C9DF8160-9A7A-4762-8C6F-F0FF951CD63D}.Debug|Any CPU.Build.0 = Debug|Any CPU
		{C9DF8160-9A7A-4762-8C6F-F0FF951CD63D}.Release|Any CPU.ActiveCfg = Release|Any CPU
		{C9DF8160-9A7A-4762-8C6F-F0FF951CD63D}.Release|Any CPU.Build.0 = Release|Any CPU
	EndGlobalSection
	GlobalSection(SolutionProperties) = preSolution
		HideSolutionNode = FALSE
	EndGlobalSection
	GlobalSection(ExtensibilityGlobals) = postSolution
		SolutionGuid = {E829B03A-B465-4ABC-BE32-4BCA31A548F7}
	EndGlobalSection
EndGlobal
